
Microsoft Visual Studio Solution File, Format Version 12.00
# Visual Studio Version 17
VisualStudioVersion = 17.12.35707.178
MinimumVisualStudioVersion = 10.0.40219.1
Project("{2150E333-8FDC-42A3-9474-1A3956D46DE8}") = "MessageFlow", "MessageFlow", "{8493B4B6-8208-4FA8-AEE9-9DAD09E6859D}"
EndProject
Project("{2150E333-8FDC-42A3-9474-1A3956D46DE8}") = "MessageRouterSystem", "MessageRouterSystem", "{6485944E-B999-4470-B6F5-370CC3996DFB}"
EndProject
Project("{2150E333-8FDC-42A3-9474-1A3956D46DE8}") = "Domain", "Domain", "{4EF0559E-2C4B-422F-ABAD-8ECC222CEBC2}"
EndProject
Project("{FAE04EC0-301F-11D3-BF4B-00C04F79EFBC}") = "MRS.Domain", "MRS.Domain\MRS.Domain.csproj", "{65F599D0-8E35-4422-94AA-512EF760CBCC}"
EndProject
Project("{2150E333-8FDC-42A3-9474-1A3956D46DE8}") = "Application", "Application", "{47F06061-3188-4BE7-A1B7-CF71D2B3BC0C}"
EndProject
Project("{FAE04EC0-301F-11D3-BF4B-00C04F79EFBC}") = "MRS.Application", "MRS.Application\MRS.Application.csproj", "{BB7BFDAA-87D2-421D-9558-AA873C2B319A}"
EndProject
Project("{FAE04EC0-301F-11D3-BF4B-00C04F79EFBC}") = "ConsoleApp1", "ConsoleApp1\ConsoleApp1.csproj", "{06AD80F7-121D-44BD-99B6-C9BF8CE81EF5}"
EndProject
Project("{2150E333-8FDC-42A3-9474-1A3956D46DE8}") = "MessageProcessSystem", "MessageProcessSystem", "{2D8CA53F-ECD7-45D7-9D04-BA4FC274A91B}"
EndProject
Project("{2150E333-8FDC-42A3-9474-1A3956D46DE8}") = "Domain", "Domain", "{9457EDDA-B960-4143-A968-C6E92C693F2E}"
EndProject
Project("{FAE04EC0-301F-11D3-BF4B-00C04F79EFBC}") = "MPS.Domian", "MPS.Domian\MPS.Domian.csproj", "{75EE3ABB-D3C5-423A-A537-2FBB0E9D51CF}"
EndProject
Project("{2150E333-8FDC-42A3-9474-1A3956D46DE8}") = "Application", "Application", "{60E53A00-14BD-4CC0-B33F-1C49FA3261C2}"
EndProject
Project("{FAE04EC0-301F-11D3-BF4B-00C04F79EFBC}") = "MPS.Application", "MPS.Application\MPS.Application.csproj", "{FB352318-643A-4C84-A05C-CD4E874E8134}"
EndProject
Project("{2150E333-8FDC-42A3-9474-1A3956D46DE8}") = "Infrastructure", "Infrastructure", "{2CAC1D64-54F9-42EF-8A69-99B90F870F27}"
EndProject
Project("{2150E333-8FDC-42A3-9474-1A3956D46DE8}") = "GRPC", "GRPC", "{054685D7-D88E-4B18-9C6A-33D7B27ADDB9}"
EndProject
Project("{FAE04EC0-301F-11D3-BF4B-00C04F79EFBC}") = "MRS.Infrastructure.GRPC", "MRS.Infrastructure.GRPC\MRS.Infrastructure.GRPC.csproj", "{4AD9A89A-8D2F-4DD0-A83E-421B9F9E73A0}"
EndProject
Global
	GlobalSection(SolutionConfigurationPlatforms) = preSolution
		Debug|Any CPU = Debug|Any CPU
		Release|Any CPU = Release|Any CPU
	EndGlobalSection
	GlobalSection(ProjectConfigurationPlatforms) = postSolution
		{65F599D0-8E35-4422-94AA-512EF760CBCC}.Debug|Any CPU.ActiveCfg = Debug|Any CPU
		{65F599D0-8E35-4422-94AA-512EF760CBCC}.Debug|Any CPU.Build.0 = Debug|Any CPU
		{65F599D0-8E35-4422-94AA-512EF760CBCC}.Release|Any CPU.ActiveCfg = Release|Any CPU
		{65F599D0-8E35-4422-94AA-512EF760CBCC}.Release|Any CPU.Build.0 = Release|Any CPU
		{BB7BFDAA-87D2-421D-9558-AA873C2B319A}.Debug|Any CPU.ActiveCfg = Debug|Any CPU
		{BB7BFDAA-87D2-421D-9558-AA873C2B319A}.Debug|Any CPU.Build.0 = Debug|Any CPU
		{BB7BFDAA-87D2-421D-9558-AA873C2B319A}.Release|Any CPU.ActiveCfg = Release|Any CPU
		{BB7BFDAA-87D2-421D-9558-AA873C2B319A}.Release|Any CPU.Build.0 = Release|Any CPU
		{06AD80F7-121D-44BD-99B6-C9BF8CE81EF5}.Debug|Any CPU.ActiveCfg = Debug|Any CPU
		{06AD80F7-121D-44BD-99B6-C9BF8CE81EF5}.Debug|Any CPU.Build.0 = Debug|Any CPU
		{06AD80F7-121D-44BD-99B6-C9BF8CE81EF5}.Release|Any CPU.ActiveCfg = Release|Any CPU
		{06AD80F7-121D-44BD-99B6-C9BF8CE81EF5}.Release|Any CPU.Build.0 = Release|Any CPU
		{75EE3ABB-D3C5-423A-A537-2FBB0E9D51CF}.Debug|Any CPU.ActiveCfg = Debug|Any CPU
		{75EE3ABB-D3C5-423A-A537-2FBB0E9D51CF}.Debug|Any CPU.Build.0 = Debug|Any CPU
		{75EE3ABB-D3C5-423A-A537-2FBB0E9D51CF}.Release|Any CPU.ActiveCfg = Release|Any CPU
		{75EE3ABB-D3C5-423A-A537-2FBB0E9D51CF}.Release|Any CPU.Build.0 = Release|Any CPU
		{FB352318-643A-4C84-A05C-CD4E874E8134}.Debug|Any CPU.ActiveCfg = Debug|Any CPU
		{FB352318-643A-4C84-A05C-CD4E874E8134}.Debug|Any CPU.Build.0 = Debug|Any CPU
		{FB352318-643A-4C84-A05C-CD4E874E8134}.Release|Any CPU.ActiveCfg = Release|Any CPU
		{FB352318-643A-4C84-A05C-CD4E874E8134}.Release|Any CPU.Build.0 = Release|Any CPU
		{4AD9A89A-8D2F-4DD0-A83E-421B9F9E73A0}.Debug|Any CPU.ActiveCfg = Debug|Any CPU
		{4AD9A89A-8D2F-4DD0-A83E-421B9F9E73A0}.Debug|Any CPU.Build.0 = Debug|Any CPU
		{4AD9A89A-8D2F-4DD0-A83E-421B9F9E73A0}.Release|Any CPU.ActiveCfg = Release|Any CPU
		{4AD9A89A-8D2F-4DD0-A83E-421B9F9E73A0}.Release|Any CPU.Build.0 = Release|Any CPU
	EndGlobalSection
	GlobalSection(SolutionProperties) = preSolution
		HideSolutionNode = FALSE
	EndGlobalSection
	GlobalSection(NestedProjects) = preSolution
		{6485944E-B999-4470-B6F5-370CC3996DFB} = {8493B4B6-8208-4FA8-AEE9-9DAD09E6859D}
		{4EF0559E-2C4B-422F-ABAD-8ECC222CEBC2} = {6485944E-B999-4470-B6F5-370CC3996DFB}
		{65F599D0-8E35-4422-94AA-512EF760CBCC} = {4EF0559E-2C4B-422F-ABAD-8ECC222CEBC2}
		{47F06061-3188-4BE7-A1B7-CF71D2B3BC0C} = {6485944E-B999-4470-B6F5-370CC3996DFB}
		{BB7BFDAA-87D2-421D-9558-AA873C2B319A} = {47F06061-3188-4BE7-A1B7-CF71D2B3BC0C}
		{06AD80F7-121D-44BD-99B6-C9BF8CE81EF5} = {8493B4B6-8208-4FA8-AEE9-9DAD09E6859D}
		{2D8CA53F-ECD7-45D7-9D04-BA4FC274A91B} = {8493B4B6-8208-4FA8-AEE9-9DAD09E6859D}
		{9457EDDA-B960-4143-A968-C6E92C693F2E} = {2D8CA53F-ECD7-45D7-9D04-BA4FC274A91B}
		{75EE3ABB-D3C5-423A-A537-2FBB0E9D51CF} = {9457EDDA-B960-4143-A968-C6E92C693F2E}
		{60E53A00-14BD-4CC0-B33F-1C49FA3261C2} = {2D8CA53F-ECD7-45D7-9D04-BA4FC274A91B}
		{FB352318-643A-4C84-A05C-CD4E874E8134} = {60E53A00-14BD-4CC0-B33F-1C49FA3261C2}
		{2CAC1D64-54F9-42EF-8A69-99B90F870F27} = {6485944E-B999-4470-B6F5-370CC3996DFB}
		{054685D7-D88E-4B18-9C6A-33D7B27ADDB9} = {2CAC1D64-54F9-42EF-8A69-99B90F870F27}
		{4AD9A89A-8D2F-4DD0-A83E-421B9F9E73A0} = {054685D7-D88E-4B18-9C6A-33D7B27ADDB9}
	EndGlobalSection
EndGlobal
